
Microsoft Visual Studio Solution File, Format Version 12.00
# Visual Studio 15
Project("{FAE04EC0-301F-11D3-BF4B-00C04F79EFBC}") = "kirin", "kirin.csproj", "{79751635-B03C-4A98-8953-3DB7827ACB60}"
EndProject
Global
	GlobalSection(SolutionConfigurationPlatforms) = preSolution
		Debug|Any CPU = Debug|Any CPU
		Release|Any CPU = Release|Any CPU
	EndGlobalSection
	GlobalSection(ProjectConfigurationPlatforms) = postSolution
		{79751635-B03C-4A98-8953-3DB7827ACB60}.Debug|Any CPU.ActiveCfg = Debug|Any CPU
		{79751635-B03C-4A98-8953-3DB7827ACB60}.Debug|Any CPU.Build.0 = Debug|Any CPU
		{79751635-B03C-4A98-8953-3DB7827ACB60}.Release|Any CPU.ActiveCfg = Release|Any CPU
		{79751635-B03C-4A98-8953-3DB7827ACB60}.Release|Any CPU.Build.0 = Release|Any CPU
	EndGlobalSection
EndGlobal
